
Microsoft Visual Studio Solution File, Format Version 12.00
# Visual Studio Version 17
VisualStudioVersion = 17.10.35004.147
MinimumVisualStudioVersion = 10.0.40219.1
Project("{FAE04EC0-301F-11D3-BF4B-00C04F79EFBC}") = "zadPP10", "zadPP10\zadPP10.csproj", "{F9EB3064-4B4C-4A64-96F1-4FD04218F5B9}"
EndProject
Global
	GlobalSection(SolutionConfigurationPlatforms) = preSolution
		Debug|Any CPU = Debug|Any CPU
		Release|Any CPU = Release|Any CPU
	EndGlobalSection
	GlobalSection(ProjectConfigurationPlatforms) = postSolution
		{F9EB3064-4B4C-4A64-96F1-4FD04218F5B9}.Debug|Any CPU.ActiveCfg = Debug|Any CPU
		{F9EB3064-4B4C-4A64-96F1-4FD04218F5B9}.Debug|Any CPU.Build.0 = Debug|Any CPU
		{F9EB3064-4B4C-4A64-96F1-4FD04218F5B9}.Release|Any CPU.ActiveCfg = Release|Any CPU
		{F9EB3064-4B4C-4A64-96F1-4FD04218F5B9}.Release|Any CPU.Build.0 = Release|Any CPU
	EndGlobalSection
	GlobalSection(SolutionProperties) = preSolution
		HideSolutionNode = FALSE
	EndGlobalSection
	GlobalSection(ExtensibilityGlobals) = postSolution
		SolutionGuid = {294D3945-8F59-4795-BAB5-07FE4F9807CF}
	EndGlobalSection
EndGlobal
